
Microsoft Visual Studio Solution File, Format Version 12.00
# Visual Studio Version 16
VisualStudioVersion = 16.0.29728.190
MinimumVisualStudioVersion = 10.0.40219.1
Project("{9A19103F-16F7-4668-BE54-9A1E7A4F7556}") = "Library", "Library\Library.csproj", "{425630E2-681B-4C04-91C7-DA39329D4768}"
EndProject
Project("{9A19103F-16F7-4668-BE54-9A1E7A4F7556}") = "Library.Tests", "UnitTest\Library.Tests.csproj", "{E244C8D6-C9E8-4E61-929F-F092461962AE}"
EndProject
Global
	GlobalSection(SolutionConfigurationPlatforms) = preSolution
		Debug|Any CPU = Debug|Any CPU
		Release|Any CPU = Release|Any CPU
	EndGlobalSection
	GlobalSection(ProjectConfigurationPlatforms) = postSolution
		{425630E2-681B-4C04-91C7-DA39329D4768}.Debug|Any CPU.ActiveCfg = Debug|Any CPU
		{425630E2-681B-4C04-91C7-DA39329D4768}.Debug|Any CPU.Build.0 = Debug|Any CPU
		{425630E2-681B-4C04-91C7-DA39329D4768}.Release|Any CPU.ActiveCfg = Release|Any CPU
		{425630E2-681B-4C04-91C7-DA39329D4768}.Release|Any CPU.Build.0 = Release|Any CPU
		{E244C8D6-C9E8-4E61-929F-F092461962AE}.Debug|Any CPU.ActiveCfg = Debug|Any CPU
		{E244C8D6-C9E8-4E61-929F-F092461962AE}.Debug|Any CPU.Build.0 = Debug|Any CPU
		{E244C8D6-C9E8-4E61-929F-F092461962AE}.Release|Any CPU.ActiveCfg = Release|Any CPU
		{E244C8D6-C9E8-4E61-929F-F092461962AE}.Release|Any CPU.Build.0 = Release|Any CPU
	EndGlobalSection
	GlobalSection(SolutionProperties) = preSolution
		HideSolutionNode = FALSE
	EndGlobalSection
	GlobalSection(ExtensibilityGlobals) = postSolution
		SolutionGuid = {6FF1273C-853E-462D-9C9C-35FB1301C6E0}
	EndGlobalSection
EndGlobal
